{
  "name": "@duytruyenthong/vibecode-product-kit",
  "version": "0.1.0",
  "lockfileVersion": 3,
  "requires": true,
  "packages": {
    "": {
      "name": "@duytruyenthong/vibecode-product-kit",
      "version": "0.1.0",
      "license": "MIT",
      "bin": {
        "pdk": "bin/pdk.mjs"
      },
      "engines": {
        "node": ">=22"
      }
    }
  }
}
